
Microsoft Visual Studio Solution File, Format Version 12.00
# Visual Studio Version 16
VisualStudioVersion = 16.0.32106.194
MinimumVisualStudioVersion = 10.0.40219.1
Project("{00D1A9C2-B5F0-4AF3-8072-F6C62B433612}") = "syn-sqlpool-saeb-dev-01", "syn-sqlpool-saeb-dev-01\syn-sqlpool-saeb-dev-01.sqlproj", "{1BC7D64F-23B0-478D-9C3B-2D40329FB2E3}"
EndProject
Global
	GlobalSection(SolutionConfigurationPlatforms) = preSolution
		Debug|Any CPU = Debug|Any CPU
		Release|Any CPU = Release|Any CPU
	EndGlobalSection
	GlobalSection(ProjectConfigurationPlatforms) = postSolution
		{1BC7D64F-23B0-478D-9C3B-2D40329FB2E3}.Debug|Any CPU.ActiveCfg = Debug|Any CPU
		{1BC7D64F-23B0-478D-9C3B-2D40329FB2E3}.Debug|Any CPU.Build.0 = Debug|Any CPU
		{1BC7D64F-23B0-478D-9C3B-2D40329FB2E3}.Debug|Any CPU.Deploy.0 = Debug|Any CPU
		{1BC7D64F-23B0-478D-9C3B-2D40329FB2E3}.Release|Any CPU.ActiveCfg = Release|Any CPU
		{1BC7D64F-23B0-478D-9C3B-2D40329FB2E3}.Release|Any CPU.Build.0 = Release|Any CPU
		{1BC7D64F-23B0-478D-9C3B-2D40329FB2E3}.Release|Any CPU.Deploy.0 = Release|Any CPU
	EndGlobalSection
	GlobalSection(SolutionProperties) = preSolution
		HideSolutionNode = FALSE
	EndGlobalSection
	GlobalSection(ExtensibilityGlobals) = postSolution
		SolutionGuid = {AC4BC139-E3BA-4732-812D-43B2BF520806}
	EndGlobalSection
EndGlobal
